
Microsoft Visual Studio Solution File, Format Version 12.00
# Visual Studio Version 17
VisualStudioVersion = 17.13.35825.156 d17.13
MinimumVisualStudioVersion = 10.0.40219.1
Project("{FAE04EC0-301F-11D3-BF4B-00C04F79EFBC}") = "ShopASP2.Web", "ShopASP2.Web\ShopASP2.Web.csproj", "{4B1AA483-DE72-4DA4-9FB2-E10AEB080A6B}"
EndProject
Project("{FAE04EC0-301F-11D3-BF4B-00C04F79EFBC}") = "ShopASP2.Domain", "ShopASP2.Domain\ShopASP2.Domain.csproj", "{3055822C-DA2F-4139-99D2-DC9B687CEB68}"
EndProject
Project("{FAE04EC0-301F-11D3-BF4B-00C04F79EFBC}") = "ShopASP2.Application", "ShopASP2.Application\ShopASP2.Application.csproj", "{C62A1D23-8B60-4AAE-AE7E-548B4B8E666B}"
EndProject
Project("{FAE04EC0-301F-11D3-BF4B-00C04F79EFBC}") = "ShopASP2.Infrastructure", "ShopASP2.Infrastructure\ShopASP2.Infrastructure.csproj", "{62313918-32F7-4B3D-8039-584933C605E4}"
EndProject
Global
	GlobalSection(SolutionConfigurationPlatforms) = preSolution
		Debug|Any CPU = Debug|Any CPU
		Release|Any CPU = Release|Any CPU
	EndGlobalSection
	GlobalSection(ProjectConfigurationPlatforms) = postSolution
		{4B1AA483-DE72-4DA4-9FB2-E10AEB080A6B}.Debug|Any CPU.ActiveCfg = Debug|Any CPU
		{4B1AA483-DE72-4DA4-9FB2-E10AEB080A6B}.Debug|Any CPU.Build.0 = Debug|Any CPU
		{4B1AA483-DE72-4DA4-9FB2-E10AEB080A6B}.Release|Any CPU.ActiveCfg = Release|Any CPU
		{4B1AA483-DE72-4DA4-9FB2-E10AEB080A6B}.Release|Any CPU.Build.0 = Release|Any CPU
		{3055822C-DA2F-4139-99D2-DC9B687CEB68}.Debug|Any CPU.ActiveCfg = Debug|Any CPU
		{3055822C-DA2F-4139-99D2-DC9B687CEB68}.Debug|Any CPU.Build.0 = Debug|Any CPU
		{3055822C-DA2F-4139-99D2-DC9B687CEB68}.Release|Any CPU.ActiveCfg = Release|Any CPU
		{3055822C-DA2F-4139-99D2-DC9B687CEB68}.Release|Any CPU.Build.0 = Release|Any CPU
		{C62A1D23-8B60-4AAE-AE7E-548B4B8E666B}.Debug|Any CPU.ActiveCfg = Debug|Any CPU
		{C62A1D23-8B60-4AAE-AE7E-548B4B8E666B}.Debug|Any CPU.Build.0 = Debug|Any CPU
		{C62A1D23-8B60-4AAE-AE7E-548B4B8E666B}.Release|Any CPU.ActiveCfg = Release|Any CPU
		{C62A1D23-8B60-4AAE-AE7E-548B4B8E666B}.Release|Any CPU.Build.0 = Release|Any CPU
		{62313918-32F7-4B3D-8039-584933C605E4}.Debug|Any CPU.ActiveCfg = Debug|Any CPU
		{62313918-32F7-4B3D-8039-584933C605E4}.Debug|Any CPU.Build.0 = Debug|Any CPU
		{62313918-32F7-4B3D-8039-584933C605E4}.Release|Any CPU.ActiveCfg = Release|Any CPU
		{62313918-32F7-4B3D-8039-584933C605E4}.Release|Any CPU.Build.0 = Release|Any CPU
	EndGlobalSection
	GlobalSection(SolutionProperties) = preSolution
		HideSolutionNode = FALSE
	EndGlobalSection
	GlobalSection(ExtensibilityGlobals) = postSolution
		SolutionGuid = {CB4A5C08-9D9F-4DE5-849C-4AA4A8F4A389}
	EndGlobalSection
EndGlobal
